// !$*UTF8*$!
{
	archiveVersion = 1;
	classes = {
	};
	objectVersion = 46;
	objects = {

/* Begin PBXBuildFile section */
		04F80D3AA1C879C702B853FF /* Foundation.framework */ = {isa = PBXBuildFile; fileRef = A64DE62DC2F7CD254D6A4D5B; };
		08190684A50100FCC293C5C8 /* lprint-common.c */ = {isa = PBXBuildFile; fileRef = 7995C1B6458961B32A23D607; };
		085022B03B9A72C8060F6B8D /* Main.cpp */ = {isa = PBXBuildFile; fileRef = 818187575CA5FF98F145094F; };
		0BF2C72E697601BDFED89659 /* include_juce_gui_basics.mm */ = {isa = PBXBuildFile; fileRef = A74EC4446C131CE876CFC801; };
		0FB69A8CE231E66958E0E178 /* lprint-testpage.c */ = {isa = PBXBuildFile; fileRef = E86C7632F41B6EF4B509111A; };
		24D54E2FBFFA72B3C3A2D890 /* lprint-zpl.c */ = {isa = PBXBuildFile; fileRef = 2323E9DAFE6E7D1FD82EC4A2; };
		2B7A7653E48B161403E33123 /* QuartzCore.framework */ = {isa = PBXBuildFile; fileRef = B1BC40ABDFD5AE10DBE59310; };
		43CF87721AB5802BBB9416BE /* include_juce_core.mm */ = {isa = PBXBuildFile; fileRef = FE8CC2DC26C418888E7BFE33; };
		492E1A62BF58F88B52FCDE48 /* MainComponent.cpp */ = {isa = PBXBuildFile; fileRef = F2C8AF393E3A5CA3B75E4384; };
		4FCD59D4F5B39B3164348DA2 /* BinaryData.cpp */ = {isa = PBXBuildFile; fileRef = CD28A69037335100A9A20BD6; };
		892F1D4E091093798F2E04C7 /* include_juce_events.mm */ = {isa = PBXBuildFile; fileRef = F613261CC8228E26B3A5790D; };
		A214153DCB69BE1A171DE12A /* lprint-dymo.c */ = {isa = PBXBuildFile; fileRef = D0517551C9B3898263B29507; };
		C7310946FA741C44939C1389 /* Cocoa.framework */ = {isa = PBXBuildFile; fileRef = F7A6BB517099895D58D25272; };
		CBB4323542A0594DC07C4335 /* include_juce_graphics.mm */ = {isa = PBXBuildFile; fileRef = 31ADCF4550E285B0BBB1C102; };
		E34AEE63A69746910F462C8E /* IOKit.framework */ = {isa = PBXBuildFile; fileRef = 3334584043580B79774BD4FA; };
		E472F6296723EB051D113524 /* RecentFilesMenuTemplate.nib */ = {isa = PBXBuildFile; fileRef = BAEEFD153D6E77613A5AE2F9; };
		E81CDBD29BDCA97DCFA45448 /* include_juce_data_structures.mm */ = {isa = PBXBuildFile; fileRef = C21E23A8E7A336F2ADA895CF; };
		EACAEF26D653F2D2673506C0 /* lprint-epl2.c */ = {isa = PBXBuildFile; fileRef = 9EDB81F09452F1FE63D32576; };
		FED50ED0ED53639130F353E0 /* App */ = {isa = PBXBuildFile; fileRef = 7934C719E39C1DDC795C2FF4; };
/* End PBXBuildFile section */

/* Begin PBXFileReference section */
		00345B38D53788F341548E03 /* lprint-es.strings */ /* lprint-es.strings */ = {isa = PBXFileReference; lastKnownFileType = file.strings; name = "lprint-es.strings"; path = "../../lprint/static-resources/lprint-es.strings"; sourceTree = SOURCE_ROOT; };
		020374ACC18CD910E5D4F231 /* lprint-add.1 */ /* lprint-add.1 */ = {isa = PBXFileReference; lastKnownFileType = file.1; name = "lprint-add.1"; path = "../../lprint/man/lprint-add.1"; sourceTree = SOURCE_ROOT; };
		078F1F967EFE8C0C52D54C6F /* lprint-small.png */ /* lprint-small.png */ = {isa = PBXFileReference; lastKnownFileType = image.png; name = "lprint-small.png"; path = "../../lprint/static-resources/lprint-small.png"; sourceTree = SOURCE_ROOT; };
		0B05DD5ED86FDD3F9A2FDADA /* config.sub */ /* config.sub */ = {isa = PBXFileReference; lastKnownFileType = file.sub; name = config.sub; path = ../../lprint/config.sub; sourceTree = SOURCE_ROOT; };
		0DCFB39F3B5FD7C32E1D24E5 /* lprint.png */ /* lprint.png */ = {isa = PBXFileReference; lastKnownFileType = image.png; name = lprint.png; path = "../../lprint/static-resources/lprint.png"; sourceTree = SOURCE_ROOT; };
		121095AE4C9437E7465FD1E0 /* juce_events */ /* juce_events */ = {isa = PBXFileReference; lastKnownFileType = folder; name = juce_events; path = "/Users/abhishekshivakumar/juce-dev/juce-7/JUCE/modules/juce_events"; sourceTree = "<absolute>"; };
		1B1F27E64F707D98E4DA2D77 /* lprint-large-png.h */ /* lprint-large-png.h */ = {isa = PBXFileReference; lastKnownFileType = sourcecode.c.h; name = "lprint-large-png.h"; path = "../../lprint/static-resources/lprint-large-png.h"; sourceTree = SOURCE_ROOT; };
		1CA9559BBF2D10C601555832 /* bad-label.pwg */ /* bad-label.pwg */ = {isa = PBXFileReference; lastKnownFileType = file.pwg; name = "bad-label.pwg"; path = "../../lprint/testsuite/bad-label.pwg"; sourceTree = SOURCE_ROOT; };
		21DF7AA4A4572A04ECCA5A53 /* config.h */ /* config.h */ = {isa = PBXFileReference; lastKnownFileType = sourcecode.c.h; name = config.h; path = ../../lprint/config.h; sourceTree = SOURCE_ROOT; };
		2323E9DAFE6E7D1FD82EC4A2 /* lprint-zpl.c */ /* lprint-zpl.c */ = {isa = PBXFileReference; lastKnownFileType = sourcecode.c.c; name = "lprint-zpl.c"; path = "../../lprint/lprint-zpl.c"; sourceTree = SOURCE_ROOT; };
		23618E5765FCEF8D229B6923 /* lprint-es-strings.h */ /* lprint-es-strings.h */ = {isa = PBXFileReference; lastKnownFileType = sourcecode.c.h; name = "lprint-es-strings.h"; path = "../../lprint/static-resources/lprint-es-strings.h"; sourceTree = SOURCE_ROOT; };
		249980B696DF88D7EC47BF20 /* LICENSE */ /* LICENSE */ = {isa = PBXFileReference; lastKnownFileType = file; name = LICENSE; path = ../../lprint/LICENSE; sourceTree = SOURCE_ROOT; };
		293F998CB916D2682ACA3623 /* juce_core */ /* juce_core */ = {isa = PBXFileReference; lastKnownFileType = folder; name = juce_core; path = "/Users/abhishekshivakumar/juce-dev/juce-7/JUCE/modules/juce_core"; sourceTree = "<absolute>"; };
		31ADCF4550E285B0BBB1C102 /* include_juce_graphics.mm */ /* include_juce_graphics.mm */ = {isa = PBXFileReference; lastKnownFileType = sourcecode.cpp.objcpp; name = include_juce_graphics.mm; path = ../../JuceLibraryCode/include_juce_graphics.mm; sourceTree = SOURCE_ROOT; };
		3218A28299EDD9371F3F4148 /* lprint-server */ /* lprint-server */ = {isa = PBXFileReference; lastKnownFileType = file; name = "lprint-server"; path = "../../lprint/snap/scripts/lprint-server"; sourceTree = SOURCE_ROOT; };
		3334584043580B79774BD4FA /* IOKit.framework */ /* IOKit.framework */ = {isa = PBXFileReference; lastKnownFileType = wrapper.framework; name = IOKit.framework; path = System/Library/Frameworks/IOKit.framework; sourceTree = SDKROOT; };
		33EBBC5DE1A541BBDAD77C22 /* GeneralLabelComponent.h */ /* GeneralLabelComponent.h */ = {isa = PBXFileReference; lastKnownFileType = sourcecode.c.h; name = GeneralLabelComponent.h; path = ../../Source/Screens/GeneralLabelComponent.h; sourceTree = SOURCE_ROOT; };
		39C9F87D85677A084570D530 /* TabManager.h */ /* TabManager.h */ = {isa = PBXFileReference; lastKnownFileType = sourcecode.c.h; name = TabManager.h; path = ../../Source/Screens/TabManager.h; sourceTree = SOURCE_ROOT; };
		39CA434A1582CEBFA23AE89C /* MainComponent.h */ /* MainComponent.h */ = {isa = PBXFileReference; lastKnownFileType = sourcecode.c.h; name = MainComponent.h; path = ../../Source/MainComponent.h; sourceTree = SOURCE_ROOT; };
		3DC0CF51D50FD36F92FDC3AE /* lprint-dymo.h */ /* lprint-dymo.h */ = {isa = PBXFileReference; lastKnownFileType = sourcecode.c.h; name = "lprint-dymo.h"; path = "../../lprint/lprint-dymo.h"; sourceTree = SOURCE_ROOT; };
		42E8AFB9966279738BCA2F42 /* lprint.conf.5 */ /* lprint.conf.5 */ = {isa = PBXFileReference; lastKnownFileType = file.5; name = lprint.conf.5; path = ../../lprint/man/lprint.conf.5; sourceTree = SOURCE_ROOT; };
		43F3B993DC395C441D5151D2 /* config.log */ /* config.log */ = {isa = PBXFileReference; lastKnownFileType = file.log; name = config.log; path = ../../lprint/config.log; sourceTree = SOURCE_ROOT; };
		44E1C2654841D97654E8185D /* lprint-cancel.1 */ /* lprint-cancel.1 */ = {isa = PBXFileReference; lastKnownFileType = file.1; name = "lprint-cancel.1"; path = "../../lprint/man/lprint-cancel.1"; sourceTree = SOURCE_ROOT; };
		4C20E1A41D1DB195750C7D8A /* lprint-large.png */ /* lprint-large.png */ = {isa = PBXFileReference; lastKnownFileType = image.png; name = "lprint-large.png"; path = "../../lprint/static-resources/lprint-large.png"; sourceTree = SOURCE_ROOT; };
		4D6B8351BBEA29CFAC4C912C /* configure.ac */ /* configure.ac */ = {isa = PBXFileReference; lastKnownFileType = file.ac; name = configure.ac; path = ../../lprint/configure.ac; sourceTree = SOURCE_ROOT; };
		4F945F708F4166FD84336451 /* lprint-printers.1 */ /* lprint-printers.1 */ = {isa = PBXFileReference; lastKnownFileType = file.1; name = "lprint-printers.1"; path = "../../lprint/man/lprint-printers.1"; sourceTree = SOURCE_ROOT; };
		5206D6ECD7469D87A8B177BC /* lprint-fr.strings */ /* lprint-fr.strings */ = {isa = PBXFileReference; lastKnownFileType = file.strings; name = "lprint-fr.strings"; path = "../../lprint/static-resources/lprint-fr.strings"; sourceTree = SOURCE_ROOT; };
		5988F3398C595B2BD52FF599 /* LabelPreviewComponent.h */ /* LabelPreviewComponent.h */ = {isa = PBXFileReference; lastKnownFileType = sourcecode.c.h; name = LabelPreviewComponent.h; path = ../../Source/Screens/LabelPreviewComponent.h; sourceTree = SOURCE_ROOT; };
		5FBC9921591323AEF37B6279 /* BinaryData.h */ /* BinaryData.h */ = {isa = PBXFileReference; lastKnownFileType = sourcecode.c.h; name = BinaryData.h; path = ../../JuceLibraryCode/BinaryData.h; sourceTree = SOURCE_ROOT; };
		688B325F1AB30E53B64C5313 /* NameBadgeComponent.h */ /* NameBadgeComponent.h */ = {isa = PBXFileReference; lastKnownFileType = sourcecode.c.h; name = NameBadgeComponent.h; path = ../../Source/Screens/NameBadgeComponent.h; sourceTree = SOURCE_ROOT; };
		69D03B59AB4CC1281FF04E48 /* DOCUMENTATION.md */ /* DOCUMENTATION.md */ = {isa = PBXFileReference; lastKnownFileType = file.md; name = DOCUMENTATION.md; path = ../../lprint/DOCUMENTATION.md; sourceTree = SOURCE_ROOT; };
		6D52876B82CE1E014BCF7453 /* lprint.h */ /* lprint.h */ = {isa = PBXFileReference; lastKnownFileType = sourcecode.c.h; name = lprint.h; path = ../../lprint/lprint.h; sourceTree = SOURCE_ROOT; };
		6E218017EBCAD21B47903D9E /* makesrcdist */ /* makesrcdist */ = {isa = PBXFileReference; lastKnownFileType = file; name = makesrcdist; path = ../../lprint/makesrcdist; sourceTree = SOURCE_ROOT; };
		7469877603D0AC66EEE7C561 /* install-sh */ /* install-sh */ = {isa = PBXFileReference; lastKnownFileType = file; name = "install-sh"; path = "../../lprint/install-sh"; sourceTree = SOURCE_ROOT; };
		779B84E8F358883C708BE657 /* lprint-fr-strings.h */ /* lprint-fr-strings.h */ = {isa = PBXFileReference; lastKnownFileType = sourcecode.c.h; name = "lprint-fr-strings.h"; path = "../../lprint/static-resources/lprint-fr-strings.h"; sourceTree = SOURCE_ROOT; };
		7841C4161E74603481E59BAE /* lprint-png.h */ /* lprint-png.h */ = {isa = PBXFileReference; lastKnownFileType = sourcecode.c.h; name = "lprint-png.h"; path = "../../lprint/static-resources/lprint-png.h"; sourceTree = SOURCE_ROOT; };
		7934C719E39C1DDC795C2FF4 /* App */ = {isa = PBXFileReference; explicitFileType = wrapper.application; includeInIndex = 0; path = ProperBadger.app; sourceTree = BUILT_PRODUCTS_DIR; };
		7995C1B6458961B32A23D607 /* lprint-common.c */ /* lprint-common.c */ = {isa = PBXFileReference; lastKnownFileType = sourcecode.c.c; name = "lprint-common.c"; path = "../../lprint/lprint-common.c"; sourceTree = SOURCE_ROOT; };
		7D3D002078EF0985D027290B /* lprint-status.1 */ /* lprint-status.1 */ = {isa = PBXFileReference; lastKnownFileType = file.1; name = "lprint-status.1"; path = "../../lprint/man/lprint-status.1"; sourceTree = SOURCE_ROOT; };
		8006CAEC3DB8EF0C942EBF8E /* sample-label.pwg */ /* sample-label.pwg */ = {isa = PBXFileReference; lastKnownFileType = file.pwg; name = "sample-label.pwg"; path = "../../lprint/testsuite/sample-label.pwg"; sourceTree = SOURCE_ROOT; };
		818187575CA5FF98F145094F /* Main.cpp */ /* Main.cpp */ = {isa = PBXFileReference; lastKnownFileType = sourcecode.cpp.cpp; name = Main.cpp; path = ../../Source/Main.cpp; sourceTree = SOURCE_ROOT; };
		88CE5367EE45B6B66BE52365 /* lprint.1 */ /* lprint.1 */ = {isa = PBXFileReference; lastKnownFileType = file.1; name = lprint.1; path = ../../lprint/man/lprint.1; sourceTree = SOURCE_ROOT; };
		89886D88A7A236DE053449BA /* lprint-delete.1 */ /* lprint-delete.1 */ = {isa = PBXFileReference; lastKnownFileType = file.1; name = "lprint-delete.1"; path = "../../lprint/man/lprint-delete.1"; sourceTree = SOURCE_ROOT; };
		89BDB51A40A17469C409982A /* lprint-zpl.h */ /* lprint-zpl.h */ = {isa = PBXFileReference; lastKnownFileType = sourcecode.c.h; name = "lprint-zpl.h"; path = "../../lprint/lprint-zpl.h"; sourceTree = SOURCE_ROOT; };
		8BB50BD679036E4DE523EC0F /* lprint-de-strings.h */ /* lprint-de-strings.h */ = {isa = PBXFileReference; lastKnownFileType = sourcecode.c.h; name = "lprint-de-strings.h"; path = "../../lprint/static-resources/lprint-de-strings.h"; sourceTree = SOURCE_ROOT; };
		8E5DD3BA9FD9F069797EAFB3 /* CHANGES.md */ /* CHANGES.md */ = {isa = PBXFileReference; lastKnownFileType = file.md; name = CHANGES.md; path = ../../lprint/CHANGES.md; sourceTree = SOURCE_ROOT; };
		90AD90BF9C424EC2B9C54120 /* EditTagComponent.h */ /* EditTagComponent.h */ = {isa = PBXFileReference; lastKnownFileType = sourcecode.c.h; name = EditTagComponent.h; path = ../../Source/Screens/EditTagComponent.h; sourceTree = SOURCE_ROOT; };
		92C289ADB795AD7E6FE221D7 /* lprint-small-png.h */ /* lprint-small-png.h */ = {isa = PBXFileReference; lastKnownFileType = sourcecode.c.h; name = "lprint-small-png.h"; path = "../../lprint/static-resources/lprint-small-png.h"; sourceTree = SOURCE_ROOT; };
		92D78D188A308564CE272258 /* lprint-en-strings.h */ /* lprint-en-strings.h */ = {isa = PBXFileReference; lastKnownFileType = sourcecode.c.h; name = "lprint-en-strings.h"; path = "../../lprint/static-resources/lprint-en-strings.h"; sourceTree = SOURCE_ROOT; };
		9C00F02842EEA75FA1C9C8E2 /* Makefile.in */ /* Makefile.in */ = {isa = PBXFileReference; lastKnownFileType = file.in; name = Makefile.in; path = ../../lprint/Makefile.in; sourceTree = SOURCE_ROOT; };
		9EDB81F09452F1FE63D32576 /* lprint-epl2.c */ /* lprint-epl2.c */ = {isa = PBXFileReference; lastKnownFileType = sourcecode.c.c; name = "lprint-epl2.c"; path = "../../lprint/lprint-epl2.c"; sourceTree = SOURCE_ROOT; };
		9F101D522D0DDFB7505B038A /* lprint-server.1 */ /* lprint-server.1 */ = {isa = PBXFileReference; lastKnownFileType = file.1; name = "lprint-server.1"; path = "../../lprint/man/lprint-server.1"; sourceTree = SOURCE_ROOT; };
		A0E4929CA123C622C9F32C04 /* README.md */ /* README.md */ = {isa = PBXFileReference; lastKnownFileType = file.md; name = README.md; path = ../../lprint/README.md; sourceTree = SOURCE_ROOT; };
		A33F82F963865BFF1F9C7ED4 /* org.msweet.lprint.plist */ /* org.msweet.lprint.plist */ = {isa = PBXFileReference; lastKnownFileType = text.plist.xml; name = org.msweet.lprint.plist; path = ../../lprint/org.msweet.lprint.plist; sourceTree = SOURCE_ROOT; };
		A497D2B40ED22DAAABD6E2B5 /* StorageLabelComponent.h */ /* StorageLabelComponent.h */ = {isa = PBXFileReference; lastKnownFileType = sourcecode.c.h; name = StorageLabelComponent.h; path = ../../Source/Screens/StorageLabelComponent.h; sourceTree = SOURCE_ROOT; };
		A64DE62DC2F7CD254D6A4D5B /* Foundation.framework */ /* Foundation.framework */ = {isa = PBXFileReference; lastKnownFileType = wrapper.framework; name = Foundation.framework; path = System/Library/Frameworks/Foundation.framework; sourceTree = SDKROOT; };
		A66EF2CBE6D492C43E1A7D23 /* lprint-it.strings */ /* lprint-it.strings */ = {isa = PBXFileReference; lastKnownFileType = file.strings; name = "lprint-it.strings"; path = "../../lprint/static-resources/lprint-it.strings"; sourceTree = SOURCE_ROOT; };
		A74EC4446C131CE876CFC801 /* include_juce_gui_basics.mm */ /* include_juce_gui_basics.mm */ = {isa = PBXFileReference; lastKnownFileType = sourcecode.cpp.objcpp; name = include_juce_gui_basics.mm; path = ../../JuceLibraryCode/include_juce_gui_basics.mm; sourceTree = SOURCE_ROOT; };
		AB4CBB9EFDD192A294764A76 /* juce_gui_basics */ /* juce_gui_basics */ = {isa = PBXFileReference; lastKnownFileType = folder; name = juce_gui_basics; path = "/Users/abhishekshivakumar/juce-dev/juce-7/JUCE/modules/juce_gui_basics"; sourceTree = "<absolute>"; };
		AD5D3C4F75E2BB3F95DEE72C /* lprint-modify.1 */ /* lprint-modify.1 */ = {isa = PBXFileReference; lastKnownFileType = file.1; name = "lprint-modify.1"; path = "../../lprint/man/lprint-modify.1"; sourceTree = SOURCE_ROOT; };
		AD815986102DC3789AD8F589 /* lprint.service.in */ /* lprint.service.in */ = {isa = PBXFileReference; lastKnownFileType = file.in; name = lprint.service.in; path = ../../lprint/lprint.service.in; sourceTree = SOURCE_ROOT; };
		ADB6B29210B2DEE6C976C546 /* lprint-options.1 */ /* lprint-options.1 */ = {isa = PBXFileReference; lastKnownFileType = file.1; name = "lprint-options.1"; path = "../../lprint/man/lprint-options.1"; sourceTree = SOURCE_ROOT; };
		AE01AE32FA29621D5342F30F /* JuceHeader.h */ /* JuceHeader.h */ = {isa = PBXFileReference; lastKnownFileType = sourcecode.c.h; name = JuceHeader.h; path = ../../JuceLibraryCode/JuceHeader.h; sourceTree = SOURCE_ROOT; };
		B1BC40ABDFD5AE10DBE59310 /* QuartzCore.framework */ /* QuartzCore.framework */ = {isa = PBXFileReference; lastKnownFileType = wrapper.framework; name = QuartzCore.framework; path = System/Library/Frameworks/QuartzCore.framework; sourceTree = SDKROOT; };
		B6A83139C49AC912442A6BC7 /* NOTICE */ /* NOTICE */ = {isa = PBXFileReference; lastKnownFileType = file; name = NOTICE; path = ../../lprint/NOTICE; sourceTree = SOURCE_ROOT; };
		B7433DAD1902ACEBEDB37F9C /* config.guess */ /* config.guess */ = {isa = PBXFileReference; lastKnownFileType = file.guess; name = config.guess; path = ../../lprint/config.guess; sourceTree = SOURCE_ROOT; };
		B91F059C18018EBC06EFF463 /* lprint-epl2.h */ /* lprint-epl2.h */ = {isa = PBXFileReference; lastKnownFileType = sourcecode.c.h; name = "lprint-epl2.h"; path = "../../lprint/lprint-epl2.h"; sourceTree = SOURCE_ROOT; };
		B961D0F78FC266AF1ABAAFBA /* configure */ /* configure */ = {isa = PBXFileReference; lastKnownFileType = file; name = configure; path = ../../lprint/configure; sourceTree = SOURCE_ROOT; };
		BAEEFD153D6E77613A5AE2F9 /* RecentFilesMenuTemplate.nib */ /* RecentFilesMenuTemplate.nib */ = {isa = PBXFileReference; lastKnownFileType = file.nib; name = RecentFilesMenuTemplate.nib; path = RecentFilesMenuTemplate.nib; sourceTree = SOURCE_ROOT; };
		BD51F35A9E149CB594F9E6D0 /* juce_graphics */ /* juce_graphics */ = {isa = PBXFileReference; lastKnownFileType = folder; name = juce_graphics; path = "/Users/abhishekshivakumar/juce-dev/juce-7/JUCE/modules/juce_graphics"; sourceTree = "<absolute>"; };
		BD721143A01A63421B9DB4BC /* lprint-jobs.1 */ /* lprint-jobs.1 */ = {isa = PBXFileReference; lastKnownFileType = file.1; name = "lprint-jobs.1"; path = "../../lprint/man/lprint-jobs.1"; sourceTree = SOURCE_ROOT; };
		BFDD0385A57A9D30B702C46B /* juce_data_structures */ /* juce_data_structures */ = {isa = PBXFileReference; lastKnownFileType = folder; name = juce_data_structures; path = "/Users/abhishekshivakumar/juce-dev/juce-7/JUCE/modules/juce_data_structures"; sourceTree = "<absolute>"; };
		C09C009A8E58A8E934988AC7 /* lprint-devices.1 */ /* lprint-devices.1 */ = {isa = PBXFileReference; lastKnownFileType = file.1; name = "lprint-devices.1"; path = "../../lprint/man/lprint-devices.1"; sourceTree = SOURCE_ROOT; };
		C21E23A8E7A336F2ADA895CF /* include_juce_data_structures.mm */ /* include_juce_data_structures.mm */ = {isa = PBXFileReference; lastKnownFileType = sourcecode.cpp.objcpp; name = include_juce_data_structures.mm; path = ../../JuceLibraryCode/include_juce_data_structures.mm; sourceTree = SOURCE_ROOT; };
		C677BFEABA93B3A03DE3A8AE /* lprint-drivers.1 */ /* lprint-drivers.1 */ = {isa = PBXFileReference; lastKnownFileType = file.1; name = "lprint-drivers.1"; path = "../../lprint/man/lprint-drivers.1"; sourceTree = SOURCE_ROOT; };
		C901F73D4FAC1057CE06F8CB /* configure */ /* configure */ = {isa = PBXFileReference; lastKnownFileType = file; name = configure; path = ../../lprint/snap/hooks/configure; sourceTree = SOURCE_ROOT; };
		C9E3A80C9083FE2080ED056B /* CONTRIBUTING.md */ /* CONTRIBUTING.md */ = {isa = PBXFileReference; lastKnownFileType = file.md; name = CONTRIBUTING.md; path = ../../lprint/CONTRIBUTING.md; sourceTree = SOURCE_ROOT; };
		CD28A69037335100A9A20BD6 /* BinaryData.cpp */ /* BinaryData.cpp */ = {isa = PBXFileReference; lastKnownFileType = sourcecode.cpp.cpp; name = BinaryData.cpp; path = ../../JuceLibraryCode/BinaryData.cpp; sourceTree = SOURCE_ROOT; };
		D0517551C9B3898263B29507 /* lprint-dymo.c */ /* lprint-dymo.c */ = {isa = PBXFileReference; lastKnownFileType = sourcecode.c.c; name = "lprint-dymo.c"; path = "../../lprint/lprint-dymo.c"; sourceTree = SOURCE_ROOT; };
		E22DCD8C8FAD26C6B7FEB3F4 /* lprint-shutdown.1 */ /* lprint-shutdown.1 */ = {isa = PBXFileReference; lastKnownFileType = file.1; name = "lprint-shutdown.1"; path = "../../lprint/man/lprint-shutdown.1"; sourceTree = SOURCE_ROOT; };
		E86C7632F41B6EF4B509111A /* lprint-testpage.c */ /* lprint-testpage.c */ = {isa = PBXFileReference; lastKnownFileType = sourcecode.c.c; name = "lprint-testpage.c"; path = "../../lprint/lprint-testpage.c"; sourceTree = SOURCE_ROOT; };
		EC20F9FD5E4542201AAA9A9D /* lprint-default.1 */ /* lprint-default.1 */ = {isa = PBXFileReference; lastKnownFileType = file.1; name = "lprint-default.1"; path = "../../lprint/man/lprint-default.1"; sourceTree = SOURCE_ROOT; };
		EDFFF61C51CBE6188F992725 /* Info-App.plist */ /* Info-App.plist */ = {isa = PBXFileReference; lastKnownFileType = text.plist.xml; name = "Info-App.plist"; path = "Info-App.plist"; sourceTree = SOURCE_ROOT; };
		EEB354407463AB8415B2A042 /* lprint-en.strings */ /* lprint-en.strings */ = {isa = PBXFileReference; lastKnownFileType = file.strings; name = "lprint-en.strings"; path = "../../lprint/static-resources/lprint-en.strings"; sourceTree = SOURCE_ROOT; };
		EEE1A499607CA9DCB51A93C1 /* lprint-de.strings */ /* lprint-de.strings */ = {isa = PBXFileReference; lastKnownFileType = file.strings; name = "lprint-de.strings"; path = "../../lprint/static-resources/lprint-de.strings"; sourceTree = SOURCE_ROOT; };
		F12E64ED4C62A07A4F3C025D /* lprint.spec */ /* lprint.spec */ = {isa = PBXFileReference; lastKnownFileType = file.spec; name = lprint.spec; path = ../../lprint/lprint.spec; sourceTree = SOURCE_ROOT; };
		F2C8AF393E3A5CA3B75E4384 /* MainComponent.cpp */ /* MainComponent.cpp */ = {isa = PBXFileReference; lastKnownFileType = sourcecode.cpp.cpp; name = MainComponent.cpp; path = ../../Source/MainComponent.cpp; sourceTree = SOURCE_ROOT; };
		F3E49C23C643C349832353C7 /* lprint-submit.1 */ /* lprint-submit.1 */ = {isa = PBXFileReference; lastKnownFileType = file.1; name = "lprint-submit.1"; path = "../../lprint/man/lprint-submit.1"; sourceTree = SOURCE_ROOT; };
		F58CE31FE3191C5C1F75BA73 /* TextAggregatorComponent.h */ /* TextAggregatorComponent.h */ = {isa = PBXFileReference; lastKnownFileType = sourcecode.c.h; name = TextAggregatorComponent.h; path = ../../Source/Screens/TextAggregatorComponent.h; sourceTree = SOURCE_ROOT; };
		F613261CC8228E26B3A5790D /* include_juce_events.mm */ /* include_juce_events.mm */ = {isa = PBXFileReference; lastKnownFileType = sourcecode.cpp.objcpp; name = include_juce_events.mm; path = ../../JuceLibraryCode/include_juce_events.mm; sourceTree = SOURCE_ROOT; };
		F66AD146CBDF9771543D07EE /* LabelGenerator.h */ /* LabelGenerator.h */ = {isa = PBXFileReference; lastKnownFileType = sourcecode.c.h; name = LabelGenerator.h; path = ../../Source/Screens/LabelGenerator.h; sourceTree = SOURCE_ROOT; };
		F7A6BB517099895D58D25272 /* Cocoa.framework */ /* Cocoa.framework */ = {isa = PBXFileReference; lastKnownFileType = wrapper.framework; name = Cocoa.framework; path = System/Library/Frameworks/Cocoa.framework; sourceTree = SDKROOT; };
		F815EB613E9A819B92DFC517 /* lprint-it-strings.h */ /* lprint-it-strings.h */ = {isa = PBXFileReference; lastKnownFileType = sourcecode.c.h; name = "lprint-it-strings.h"; path = "../../lprint/static-resources/lprint-it-strings.h"; sourceTree = SOURCE_ROOT; };
		F8776A8189CEAFEDB6FB381B /* snapcraft.yaml */ /* snapcraft.yaml */ = {isa = PBXFileReference; lastKnownFileType = file.yaml; name = snapcraft.yaml; path = ../../lprint/snap/snapcraft.yaml; sourceTree = SOURCE_ROOT; };
		FA0AFDDAC48C2B31BC90E91C /* complex-label.pwg */ /* complex-label.pwg */ = {isa = PBXFileReference; lastKnownFileType = file.pwg; name = "complex-label.pwg"; path = "../../lprint/testsuite/complex-label.pwg"; sourceTree = SOURCE_ROOT; };
		FE8CC2DC26C418888E7BFE33 /* include_juce_core.mm */ /* include_juce_core.mm */ = {isa = PBXFileReference; lastKnownFileType = sourcecode.cpp.objcpp; name = include_juce_core.mm; path = ../../JuceLibraryCode/include_juce_core.mm; sourceTree = SOURCE_ROOT; };
/* End PBXFileReference section */

/* Begin PBXFrameworksBuildPhase section */
		CC62DCDBA660FBCDE9F86AD2 = {
			isa = PBXFrameworksBuildPhase;
			buildActionMask = 2147483647;
			files = (
				C7310946FA741C44939C1389,
				04F80D3AA1C879C702B853FF,
				E34AEE63A69746910F462C8E,
				2B7A7653E48B161403E33123,
			);
			runOnlyForDeploymentPostprocessing = 0;
		};
/* End PBXFrameworksBuildPhase section */

/* Begin PBXGroup section */
		08D7A151859027AAB72A2362 /* snap */ = {
			isa = PBXGroup;
			children = (
				640E7A3161A5505081530E94,
				741BF0EA1CC990DB310E4866,
				F8776A8189CEAFEDB6FB381B,
			);
			name = snap;
			sourceTree = "<group>";
		};
		20B02A409E10E3E14196F26F /* JUCE Modules */ = {
			isa = PBXGroup;
			children = (
				293F998CB916D2682ACA3623,
				BFDD0385A57A9D30B702C46B,
				121095AE4C9437E7465FD1E0,
				BD51F35A9E149CB594F9E6D0,
				AB4CBB9EFDD192A294764A76,
			);
			name = "JUCE Modules";
			sourceTree = "<group>";
		};
		534B803AC52469C2DFF62E64 /* Products */ = {
			isa = PBXGroup;
			children = (
				7934C719E39C1DDC795C2FF4,
			);
			name = Products;
			sourceTree = "<group>";
		};
		55D685C15693FFC85A8CE118 /* Source */ = {
			isa = PBXGroup;
			children = (
				7735C1502B2AFE747CB8A515,
				20B02A409E10E3E14196F26F,
				852E4E739C5063A0FB1D6B26,
				9A65BC8BD31A003F142493BB,
				EE036E2895DF10A19203154D,
				534B803AC52469C2DFF62E64,
			);
			name = Source;
			sourceTree = "<group>";
		};
		640E7A3161A5505081530E94 /* hooks */ = {
			isa = PBXGroup;
			children = (
				C901F73D4FAC1057CE06F8CB,
			);
			name = hooks;
			sourceTree = "<group>";
		};
		704745EDE952B806127F625D /* Screens */ = {
			isa = PBXGroup;
			children = (
				90AD90BF9C424EC2B9C54120,
				33EBBC5DE1A541BBDAD77C22,
				F66AD146CBDF9771543D07EE,
				5988F3398C595B2BD52FF599,
				688B325F1AB30E53B64C5313,
				A497D2B40ED22DAAABD6E2B5,
				39C9F87D85677A084570D530,
				F58CE31FE3191C5C1F75BA73,
			);
			name = Screens;
			sourceTree = "<group>";
		};
		741BF0EA1CC990DB310E4866 /* scripts */ = {
			isa = PBXGroup;
			children = (
				3218A28299EDD9371F3F4148,
			);
			name = scripts;
			sourceTree = "<group>";
		};
		75CA84194C6857388AD329DF /* lprint */ = {
			isa = PBXGroup;
			children = (
				8FDED063852E4221CA029E69,
				08D7A151859027AAB72A2362,
				B69D388FDEB06984E92B563F,
				D9380022E35E4B2C791F4399,
				8E5DD3BA9FD9F069797EAFB3,
				B7433DAD1902ACEBEDB37F9C,
				21DF7AA4A4572A04ECCA5A53,
				43F3B993DC395C441D5151D2,
				0B05DD5ED86FDD3F9A2FDADA,
				B961D0F78FC266AF1ABAAFBA,
				4D6B8351BBEA29CFAC4C912C,
				C9E3A80C9083FE2080ED056B,
				69D03B59AB4CC1281FF04E48,
				7469877603D0AC66EEE7C561,
				249980B696DF88D7EC47BF20,
				7995C1B6458961B32A23D607,
				D0517551C9B3898263B29507,
				3DC0CF51D50FD36F92FDC3AE,
				9EDB81F09452F1FE63D32576,
				B91F059C18018EBC06EFF463,
				E86C7632F41B6EF4B509111A,
				2323E9DAFE6E7D1FD82EC4A2,
				89BDB51A40A17469C409982A,
				6D52876B82CE1E014BCF7453,
				AD815986102DC3789AD8F589,
				F12E64ED4C62A07A4F3C025D,
				9C00F02842EEA75FA1C9C8E2,
				6E218017EBCAD21B47903D9E,
				B6A83139C49AC912442A6BC7,
				A33F82F963865BFF1F9C7ED4,
				A0E4929CA123C622C9F32C04,
			);
			name = lprint;
			sourceTree = "<group>";
		};
		7735C1502B2AFE747CB8A515 /* ProperBadger */ = {
			isa = PBXGroup;
			children = (
				75CA84194C6857388AD329DF,
				CC0AF2A903A66556277022F3,
				704745EDE952B806127F625D,
			);
			name = ProperBadger;
			sourceTree = "<group>";
		};
		852E4E739C5063A0FB1D6B26 /* JUCE Library Code */ = {
			isa = PBXGroup;
			children = (
				CD28A69037335100A9A20BD6,
				5FBC9921591323AEF37B6279,
				FE8CC2DC26C418888E7BFE33,
				C21E23A8E7A336F2ADA895CF,
				F613261CC8228E26B3A5790D,
				31ADCF4550E285B0BBB1C102,
				A74EC4446C131CE876CFC801,
				AE01AE32FA29621D5342F30F,
			);
			name = "JUCE Library Code";
			sourceTree = "<group>";
		};
		8FDED063852E4221CA029E69 /* man */ = {
			isa = PBXGroup;
			children = (
				020374ACC18CD910E5D4F231,
				44E1C2654841D97654E8185D,
				EC20F9FD5E4542201AAA9A9D,
				89886D88A7A236DE053449BA,
				C09C009A8E58A8E934988AC7,
				C677BFEABA93B3A03DE3A8AE,
				BD721143A01A63421B9DB4BC,
				AD5D3C4F75E2BB3F95DEE72C,
				ADB6B29210B2DEE6C976C546,
				4F945F708F4166FD84336451,
				9F101D522D0DDFB7505B038A,
				E22DCD8C8FAD26C6B7FEB3F4,
				7D3D002078EF0985D027290B,
				F3E49C23C643C349832353C7,
				88CE5367EE45B6B66BE52365,
				42E8AFB9966279738BCA2F42,
			);
			name = man;
			sourceTree = "<group>";
		};
		9A65BC8BD31A003F142493BB /* Resources */ = {
			isa = PBXGroup;
			children = (
				EDFFF61C51CBE6188F992725,
				BAEEFD153D6E77613A5AE2F9,
			);
			name = Resources;
			sourceTree = "<group>";
		};
		B69D388FDEB06984E92B563F /* static-resources */ = {
			isa = PBXGroup;
			children = (
				8BB50BD679036E4DE523EC0F,
				EEE1A499607CA9DCB51A93C1,
				92D78D188A308564CE272258,
				EEB354407463AB8415B2A042,
				23618E5765FCEF8D229B6923,
				00345B38D53788F341548E03,
				779B84E8F358883C708BE657,
				5206D6ECD7469D87A8B177BC,
				F815EB613E9A819B92DFC517,
				A66EF2CBE6D492C43E1A7D23,
				1B1F27E64F707D98E4DA2D77,
				4C20E1A41D1DB195750C7D8A,
				7841C4161E74603481E59BAE,
				92C289ADB795AD7E6FE221D7,
				078F1F967EFE8C0C52D54C6F,
				0DCFB39F3B5FD7C32E1D24E5,
			);
			name = "static-resources";
			sourceTree = "<group>";
		};
		CC0AF2A903A66556277022F3 /* Source */ = {
			isa = PBXGroup;
			children = (
				818187575CA5FF98F145094F,
				39CA434A1582CEBFA23AE89C,
				F2C8AF393E3A5CA3B75E4384,
			);
			name = Source;
			sourceTree = "<group>";
		};
		D9380022E35E4B2C791F4399 /* testsuite */ = {
			isa = PBXGroup;
			children = (
				1CA9559BBF2D10C601555832,
				FA0AFDDAC48C2B31BC90E91C,
				8006CAEC3DB8EF0C942EBF8E,
			);
			name = testsuite;
			sourceTree = "<group>";
		};
		EE036E2895DF10A19203154D /* Frameworks */ = {
			isa = PBXGroup;
			children = (
				F7A6BB517099895D58D25272,
				A64DE62DC2F7CD254D6A4D5B,
				3334584043580B79774BD4FA,
				B1BC40ABDFD5AE10DBE59310,
			);
			name = Frameworks;
			sourceTree = "<group>";
		};
/* End PBXGroup section */

/* Begin PBXNativeTarget section */
		57EDF7589FE0F6E15FB7EE2B /* ProperBadger - App */ = {
			isa = PBXNativeTarget;
			buildConfigurationList = 965BBBAF880E7E9A0513671D;
			buildPhases = (
				5B34FF76AE65A0583D60FBF5,
				038F2955A5A379DA2E45652F,
				CC62DCDBA660FBCDE9F86AD2,
			);
			buildRules = (
			);
			dependencies = (
			);
			name = "ProperBadger - App";
			productName = ProperBadger;
			productReference = 7934C719E39C1DDC795C2FF4;
			productType = "com.apple.product-type.application";
		};
/* End PBXNativeTarget section */

/* Begin PBXProject section */
		D308CA44D55D4F4E698C95B7 = {
			isa = PBXProject;
			attributes = {
				LastUpgradeCheck = 1340;
				ORGANIZATIONNAME = "";
				TargetAttributes = {
					57EDF7589FE0F6E15FB7EE2B = {
						SystemCapabilities = {
							com.apple.ApplicationGroups.iOS = {
								enabled = 0;
							};
							com.apple.HardenedRuntime = {
								enabled = 0;
							};
							com.apple.InAppPurchase = {
								enabled = 0;
							};
							com.apple.InterAppAudio = {
								enabled = 0;
							};
							com.apple.Push = {
								enabled = 0;
							};
							com.apple.Sandbox = {
								enabled = 0;
							};
						};
					};
				};
			};
			buildConfigurationList = BF9112D3D7592E61D0F5F6D5;
			compatibilityVersion = "Xcode 3.2";
			hasScannedForEncodings = 0;
			knownRegions = (
				en,
				Base,
			);
			mainGroup = 55D685C15693FFC85A8CE118;
			projectDirPath = "";
			projectRoot = "";
			targets = (
				57EDF7589FE0F6E15FB7EE2B,
			);
		};
/* End PBXProject section */

/* Begin PBXResourcesBuildPhase section */
		5B34FF76AE65A0583D60FBF5 = {
			isa = PBXResourcesBuildPhase;
			buildActionMask = 2147483647;
			files = (
				E472F6296723EB051D113524,
			);
			runOnlyForDeploymentPostprocessing = 0;
		};
/* End PBXResourcesBuildPhase section */

/* Begin PBXSourcesBuildPhase section */
		038F2955A5A379DA2E45652F = {
			isa = PBXSourcesBuildPhase;
			buildActionMask = 2147483647;
			files = (
				08190684A50100FCC293C5C8,
				A214153DCB69BE1A171DE12A,
				EACAEF26D653F2D2673506C0,
				0FB69A8CE231E66958E0E178,
				24D54E2FBFFA72B3C3A2D890,
				085022B03B9A72C8060F6B8D,
				492E1A62BF58F88B52FCDE48,
				4FCD59D4F5B39B3164348DA2,
				43CF87721AB5802BBB9416BE,
				E81CDBD29BDCA97DCFA45448,
				892F1D4E091093798F2E04C7,
				CBB4323542A0594DC07C4335,
				0BF2C72E697601BDFED89659,
			);
			runOnlyForDeploymentPostprocessing = 0;
		};
/* End PBXSourcesBuildPhase section */

/* Begin XCBuildConfiguration section */
		278DF376C719163A8A222890 /* Release */ = {
			isa = XCBuildConfiguration;
			buildSettings = {
				ALWAYS_SEARCH_USER_PATHS = NO;
				CLANG_ENABLE_OBJC_WEAK = YES;
				CLANG_WARN_BLOCK_CAPTURE_AUTORELEASING = YES;
				CLANG_WARN_BOOL_CONVERSION = YES;
				CLANG_WARN_COMMA = YES;
				CLANG_WARN_CONSTANT_CONVERSION = YES;
				CLANG_WARN_DEPRECATED_OBJC_IMPLEMENTATIONS = YES;
				CLANG_WARN_EMPTY_BODY = YES;
				CLANG_WARN_ENUM_CONVERSION = YES;
				CLANG_WARN_INFINITE_RECURSION = YES;
				CLANG_WARN_INT_CONVERSION = YES;
				CLANG_WARN_NON_LITERAL_NULL_CONVERSION = YES;
				CLANG_WARN_OBJC_IMPLICIT_RETAIN_SELF = YES;
				CLANG_WARN_OBJC_LITERAL_CONVERSION = YES;
				CLANG_WARN_RANGE_LOOP_ANALYSIS = YES;
				CLANG_WARN_STRICT_PROTOTYPES = YES;
				CLANG_WARN_SUSPICIOUS_MOVE = YES;
				CLANG_WARN_UNREACHABLE_CODE = YES;
				CLANG_WARN__DUPLICATE_METHOD_MATCH = YES;
				CODE_SIGN_IDENTITY = "";
				DEBUG_INFORMATION_FORMAT = dwarf;
				ENABLE_STRICT_OBJC_MSGSEND = YES;
				ENABLE_TESTABILITY = NO;
				GCC_C_LANGUAGE_STANDARD = c11;
				GCC_INLINES_ARE_PRIVATE_EXTERN = YES;
				GCC_MODEL_TUNING = G5;
				GCC_NO_COMMON_BLOCKS = YES;
				GCC_SYMBOLS_PRIVATE_EXTERN = YES;
				GCC_WARN_64_TO_32_BIT_CONVERSION = YES;
				GCC_WARN_ABOUT_RETURN_TYPE = YES;
				GCC_WARN_CHECK_SWITCH_STATEMENTS = YES;
				GCC_WARN_MISSING_PARENTHESES = YES;
				GCC_WARN_NON_VIRTUAL_DESTRUCTOR = YES;
				GCC_WARN_TYPECHECK_CALLS_TO_PRINTF = YES;
				GCC_WARN_UNDECLARED_SELECTOR = YES;
				GCC_WARN_UNINITIALIZED_AUTOS = YES;
				GCC_WARN_UNUSED_FUNCTION = YES;
				GCC_WARN_UNUSED_VARIABLE = YES;
				PRODUCT_NAME = "ProperBadger";
				SDKROOT = macosx;
				WARNING_CFLAGS = "-Wreorder";
				ZERO_LINK = NO;
			};
			name = Release;
		};
		49D9E193816128CE188E9D9A /* Release */ = {
			isa = XCBuildConfiguration;
			buildSettings = {
				CLANG_CXX_LANGUAGE_STANDARD = "c++20";
				CLANG_CXX_LIBRARY = "libc++";
				CLANG_LINK_OBJC_RUNTIME = NO;
				CODE_SIGN_IDENTITY = "";
				COMBINE_HIDPI_IMAGES = YES;
				CONFIGURATION_BUILD_DIR = "$(PROJECT_DIR)/build/$(CONFIGURATION)";
				DEAD_CODE_STRIPPING = YES;
				EXCLUDED_ARCHS = "";
				GCC_GENERATE_DEBUGGING_SYMBOLS = NO;
				GCC_OPTIMIZATION_LEVEL = 3;
				GCC_PREPROCESSOR_DEFINITIONS = (
					"_NDEBUG=1",
					"NDEBUG=1",
					"JUCE_DISPLAY_SPLASH_SCREEN=0",
					"JUCE_USE_DARK_SPLASH_SCREEN=1",
					"JUCE_PROJUCER_VERSION=0x70002",
					"JUCE_MODULE_AVAILABLE_juce_core=1",
					"JUCE_MODULE_AVAILABLE_juce_data_structures=1",
					"JUCE_MODULE_AVAILABLE_juce_events=1",
					"JUCE_MODULE_AVAILABLE_juce_graphics=1",
					"JUCE_MODULE_AVAILABLE_juce_gui_basics=1",
					"JUCE_GLOBAL_MODULE_SETTINGS_INCLUDED=1",
					"JUCE_STRICT_REFCOUNTEDPOINTER=1",
					"JUCE_STANDALONE_APPLICATION=1",
					"_PAPPL_WIN32_PTHREAD_H_=0",
					"JUCER_XCODE_MAC_F6D2F4CF=1",
					"JUCE_APP_VERSION=1.0.0",
					"JUCE_APP_VERSION_HEX=0x10000",
					"JucePlugin_Build_VST=0",
					"JucePlugin_Build_VST3=0",
					"JucePlugin_Build_AU=0",
					"JucePlugin_Build_AUv3=0",
					"JucePlugin_Build_AAX=0",
					"JucePlugin_Build_Standalone=0",
					"JucePlugin_Build_Unity=0",
					"JucePlugin_Build_LV2=0",
				);
				GCC_VERSION = com.apple.compilers.llvm.clang.1_0;
				HEADER_SEARCH_PATHS = (
					"$(SRCROOT)/../../JuceLibraryCode",
					"/Users/abhishekshivakumar/juce-dev/juce-7/JUCE/modules",
					"$(inherited)",
				);
				INFOPLIST_FILE = Info-App.plist;
				INFOPLIST_PREPROCESS = NO;
				INSTALL_PATH = "$(HOME)/Applications";
				LLVM_LTO = YES;
				MACOSX_DEPLOYMENT_TARGET = 10.11;
				MTL_HEADER_SEARCH_PATHS = "$(SRCROOT)/../../JuceLibraryCode /Users/abhishekshivakumar/juce-dev/juce-7/JUCE/modules";
				OTHER_LDFLAGS = "-lcups -lpappl.1 -lusb-1.0 -weak_framework Metal -weak_framework MetalKit";
				PRODUCT_BUNDLE_IDENTIFIER = com.yourcompany.ProperBadger;
				PRODUCT_NAME = "ProperBadger";
				USE_HEADERMAP = NO;
				VALID_ARCHS = "i386 x86_64 arm64 arm64e";
			};
			name = Release;
		};
		9346485C429EAF591C83EBAD /* Debug */ = {
			isa = XCBuildConfiguration;
			buildSettings = {
				ALWAYS_SEARCH_USER_PATHS = NO;
				CLANG_ENABLE_OBJC_WEAK = YES;
				CLANG_WARN_BLOCK_CAPTURE_AUTORELEASING = YES;
				CLANG_WARN_BOOL_CONVERSION = YES;
				CLANG_WARN_COMMA = YES;
				CLANG_WARN_CONSTANT_CONVERSION = YES;
				CLANG_WARN_DEPRECATED_OBJC_IMPLEMENTATIONS = YES;
				CLANG_WARN_EMPTY_BODY = YES;
				CLANG_WARN_ENUM_CONVERSION = YES;
				CLANG_WARN_INFINITE_RECURSION = YES;
				CLANG_WARN_INT_CONVERSION = YES;
				CLANG_WARN_NON_LITERAL_NULL_CONVERSION = YES;
				CLANG_WARN_OBJC_IMPLICIT_RETAIN_SELF = YES;
				CLANG_WARN_OBJC_LITERAL_CONVERSION = YES;
				CLANG_WARN_RANGE_LOOP_ANALYSIS = YES;
				CLANG_WARN_STRICT_PROTOTYPES = YES;
				CLANG_WARN_SUSPICIOUS_MOVE = YES;
				CLANG_WARN_UNREACHABLE_CODE = YES;
				CLANG_WARN__DUPLICATE_METHOD_MATCH = YES;
				CODE_SIGN_IDENTITY = "";
				DEBUG_INFORMATION_FORMAT = dwarf;
				ENABLE_STRICT_OBJC_MSGSEND = YES;
				ENABLE_TESTABILITY = NO;
				GCC_C_LANGUAGE_STANDARD = c11;
				GCC_INLINES_ARE_PRIVATE_EXTERN = YES;
				GCC_MODEL_TUNING = G5;
				GCC_NO_COMMON_BLOCKS = YES;
				GCC_SYMBOLS_PRIVATE_EXTERN = YES;
				GCC_WARN_64_TO_32_BIT_CONVERSION = YES;
				GCC_WARN_ABOUT_RETURN_TYPE = YES;
				GCC_WARN_CHECK_SWITCH_STATEMENTS = YES;
				GCC_WARN_MISSING_PARENTHESES = YES;
				GCC_WARN_NON_VIRTUAL_DESTRUCTOR = YES;
				GCC_WARN_TYPECHECK_CALLS_TO_PRINTF = YES;
				GCC_WARN_UNDECLARED_SELECTOR = YES;
				GCC_WARN_UNINITIALIZED_AUTOS = YES;
				GCC_WARN_UNUSED_FUNCTION = YES;
				GCC_WARN_UNUSED_VARIABLE = YES;
				ONLY_ACTIVE_ARCH = YES;
				PRODUCT_NAME = "ProperBadger";
				SDKROOT = macosx;
				WARNING_CFLAGS = "-Wreorder";
				ZERO_LINK = NO;
			};
			name = Debug;
		};
		C24C836FEC8DE88DAB2FB010 /* Debug */ = {
			isa = XCBuildConfiguration;
			buildSettings = {
				CLANG_CXX_LANGUAGE_STANDARD = "c++20";
				CLANG_CXX_LIBRARY = "libc++";
				CLANG_LINK_OBJC_RUNTIME = NO;
				CODE_SIGN_IDENTITY = "";
				COMBINE_HIDPI_IMAGES = YES;
				CONFIGURATION_BUILD_DIR = "$(PROJECT_DIR)/build/$(CONFIGURATION)";
				COPY_PHASE_STRIP = NO;
				EXCLUDED_ARCHS = "";
				GCC_DYNAMIC_NO_PIC = NO;
				GCC_OPTIMIZATION_LEVEL = 0;
				GCC_PREPROCESSOR_DEFINITIONS = (
					"_DEBUG=1",
					"DEBUG=1",
					"JUCE_DISPLAY_SPLASH_SCREEN=0",
					"JUCE_USE_DARK_SPLASH_SCREEN=1",
					"JUCE_PROJUCER_VERSION=0x70002",
					"JUCE_MODULE_AVAILABLE_juce_core=1",
					"JUCE_MODULE_AVAILABLE_juce_data_structures=1",
					"JUCE_MODULE_AVAILABLE_juce_events=1",
					"JUCE_MODULE_AVAILABLE_juce_graphics=1",
					"JUCE_MODULE_AVAILABLE_juce_gui_basics=1",
					"JUCE_GLOBAL_MODULE_SETTINGS_INCLUDED=1",
					"JUCE_STRICT_REFCOUNTEDPOINTER=1",
					"JUCE_STANDALONE_APPLICATION=1",
					"_PAPPL_WIN32_PTHREAD_H_=0",
					"JUCER_XCODE_MAC_F6D2F4CF=1",
					"JUCE_APP_VERSION=1.0.0",
					"JUCE_APP_VERSION_HEX=0x10000",
					"JucePlugin_Build_VST=0",
					"JucePlugin_Build_VST3=0",
					"JucePlugin_Build_AU=0",
					"JucePlugin_Build_AUv3=0",
					"JucePlugin_Build_AAX=0",
					"JucePlugin_Build_Standalone=0",
					"JucePlugin_Build_Unity=0",
					"JucePlugin_Build_LV2=0",
				);
				GCC_VERSION = com.apple.compilers.llvm.clang.1_0;
				HEADER_SEARCH_PATHS = (
					"$(SRCROOT)/../../JuceLibraryCode",
					"/Users/abhishekshivakumar/juce-dev/juce-7/JUCE/modules",
					"/usr/local/include/",
					"$(inherited)",
				);
				INFOPLIST_FILE = Info-App.plist;
				INFOPLIST_PREPROCESS = NO;
				INSTALL_PATH = "$(HOME)/Applications";
				LIBRARY_SEARCH_PATHS = (
					"$(inherited)",
					"\"/usr/local/lib\"",
					"\"/opt/local/libexec/openssl3/lib/\"",
					"\"/Users/abhishekshivakumar/Downloads/cups-2.3.4/cups\"",
				);
				MACOSX_DEPLOYMENT_TARGET = 10.14;
				MTL_HEADER_SEARCH_PATHS = "$(SRCROOT)/../../JuceLibraryCode /Users/abhishekshivakumar/juce-dev/juce-7/JUCE/modules /usr/local/include/";
				OTHER_LDFLAGS = "-lcups -lpappl.1 -lusb-1.0 -weak_framework Metal -weak_framework MetalKit";
				PRODUCT_BUNDLE_IDENTIFIER = com.yourcompany.ProperBadger;
				PRODUCT_NAME = "ProperBadger";
				USE_HEADERMAP = NO;
				VALID_ARCHS = "i386 x86_64 arm64 arm64e";
			};
			name = Debug;
		};
/* End XCBuildConfiguration section */

/* Begin XCConfigurationList section */
		965BBBAF880E7E9A0513671D = {
			isa = XCConfigurationList;
			buildConfigurations = (
				C24C836FEC8DE88DAB2FB010,
				49D9E193816128CE188E9D9A,
			);
			defaultConfigurationIsVisible = 0;
			defaultConfigurationName = Debug;
		};
		BF9112D3D7592E61D0F5F6D5 = {
			isa = XCConfigurationList;
			buildConfigurations = (
				278DF376C719163A8A222890,
				9346485C429EAF591C83EBAD,
			);
			defaultConfigurationIsVisible = 0;
			defaultConfigurationName = Debug;
		};
/* End XCConfigurationList section */
	};
	rootObject = D308CA44D55D4F4E698C95B7 /* Project object */;
}
